
Microsoft Visual Studio Solution File, Format Version 12.00
# Visual Studio 15
VisualStudioVersion = 15.0.26228.9
MinimumVisualStudioVersion = 10.0.40219.1
Project("{F184B08F-C81C-45F6-A57F-5ABD9991F28F}") = "ConsoleApplication1", "ConsoleApplication1\ConsoleApplication1.vbproj", "{BD4388BC-530C-4F79-9F67-7A4030D921B4}"
	ProjectSection(ProjectDependencies) = postProject
		{58203D42-BA76-417D-8351-CCECF553D444} = {58203D42-BA76-417D-8351-CCECF553D444}
	EndProjectSection
EndProject
Project("{F184B08F-C81C-45F6-A57F-5ABD9991F28F}") = "ClassLibrary1", "ClassLibrary1\ClassLibrary1.vbproj", "{58203D42-BA76-417D-8351-CCECF553D444}"
EndProject
Global
	GlobalSection(SolutionConfigurationPlatforms) = preSolution
		Debug|Any CPU = Debug|Any CPU
		Release|Any CPU = Release|Any CPU
	EndGlobalSection
	GlobalSection(ProjectConfigurationPlatforms) = postSolution
		{BD4388BC-530C-4F79-9F67-7A4030D921B4}.Debug|Any CPU.ActiveCfg = Debug|Any CPU
		{BD4388BC-530C-4F79-9F67-7A4030D921B4}.Debug|Any CPU.Build.0 = Debug|Any CPU
		{BD4388BC-530C-4F79-9F67-7A4030D921B4}.Release|Any CPU.ActiveCfg = Release|Any CPU
		{BD4388BC-530C-4F79-9F67-7A4030D921B4}.Release|Any CPU.Build.0 = Release|Any CPU
		{58203D42-BA76-417D-8351-CCECF553D444}.Debug|Any CPU.ActiveCfg = Debug|Any CPU
		{58203D42-BA76-417D-8351-CCECF553D444}.Debug|Any CPU.Build.0 = Debug|Any CPU
		{58203D42-BA76-417D-8351-CCECF553D444}.Release|Any CPU.ActiveCfg = Release|Any CPU
		{58203D42-BA76-417D-8351-CCECF553D444}.Release|Any CPU.Build.0 = Release|Any CPU
	EndGlobalSection
	GlobalSection(SolutionProperties) = preSolution
		HideSolutionNode = FALSE
	EndGlobalSection
EndGlobal
